
Microsoft Visual Studio Solution File, Format Version 12.00
# Visual Studio Version 16
VisualStudioVersion = 16.0.28803.352
MinimumVisualStudioVersion = 10.0.40219.1
Project("{2150E333-8FDC-42A3-9474-1A3956D46DE8}") = "src", "src", "{6172949D-3678-4151-867F-5EBD4F626C57}"
EndProject
Project("{2150E333-8FDC-42A3-9474-1A3956D46DE8}") = "Common", "Common", "{4BC29619-C934-4FD5-8DC0-CE34609D9876}"
EndProject
Project("{9A19103F-16F7-4668-BE54-9A1E7A4F7556}") = "Core3_Framework.Contracts", "Core3_Framework.Contracts\Core3_Framework.Contracts.csproj", "{962EAD5B-17F9-4E2A-90C8-4050ED3997B0}"
EndProject
Project("{9A19103F-16F7-4668-BE54-9A1E7A4F7556}") = "CommonCore", "CommonCore\CommonCore.csproj", "{48423344-8397-4651-AAB4-523A34951A54}"
EndProject
Project("{9A19103F-16F7-4668-BE54-9A1E7A4F7556}") = "CommonCore.Caching", "CommonCore.Caching\CommonCore.Caching.csproj", "{E7D0CDB4-9633-4FCF-B8E1-9649A6D66E22}"
EndProject
Project("{9A19103F-16F7-4668-BE54-9A1E7A4F7556}") = "CommonCore.ExceptionHandling", "CommonCore.ExceptionHandling\CommonCore.ExceptionHandling.csproj", "{C0471009-7397-4322-AA75-0E7573B38B03}"
EndProject
Project("{9A19103F-16F7-4668-BE54-9A1E7A4F7556}") = "CommonCore.Logging", "CommonCore.Logging\CommonCore.Logging.csproj", "{4B7C1698-8839-4333-9898-EEDA01EA607C}"
EndProject
Project("{9A19103F-16F7-4668-BE54-9A1E7A4F7556}") = "CommonCore.Server", "CommonCore.Server\CommonCore.Server.csproj", "{0E30FDB1-BB36-4469-8D56-77015BAE476A}"
EndProject
Project("{9A19103F-16F7-4668-BE54-9A1E7A4F7556}") = "CommonCore.Web", "CommonCore.Web\CommonCore.Web.csproj", "{44CA9806-5FD5-4A96-8ACC-56FA7563F2F3}"
EndProject
Project("{9A19103F-16F7-4668-BE54-9A1E7A4F7556}") = "Core3_Framework.Business", "Core3_Framework.Business\Core3_Framework.Business.csproj", "{75D94397-893B-43F7-AD5B-D03EEA84EDCE}"
EndProject
Project("{2150E333-8FDC-42A3-9474-1A3956D46DE8}") = "App", "App", "{72EB11FD-62C3-4F80-BC55-D62FB3EA19B3}"
EndProject
Project("{9A19103F-16F7-4668-BE54-9A1E7A4F7556}") = "App.WebAPI", "App.WebAPI\App.WebAPI.csproj", "{35C88D84-812F-408A-AD69-D5EA0F9FFACF}"
EndProject
Project("{9A19103F-16F7-4668-BE54-9A1E7A4F7556}") = "Core3_Framework.Data", "Core3_Framework.Data\Core3_Framework.Data.csproj", "{1368F505-CF7F-456D-BAE9-C188CD1A787D}"
EndProject
Global
	GlobalSection(SolutionConfigurationPlatforms) = preSolution
		Debug|Any CPU = Debug|Any CPU
		Release|Any CPU = Release|Any CPU
	EndGlobalSection
	GlobalSection(ProjectConfigurationPlatforms) = postSolution
		{962EAD5B-17F9-4E2A-90C8-4050ED3997B0}.Debug|Any CPU.ActiveCfg = Debug|Any CPU
		{962EAD5B-17F9-4E2A-90C8-4050ED3997B0}.Debug|Any CPU.Build.0 = Debug|Any CPU
		{962EAD5B-17F9-4E2A-90C8-4050ED3997B0}.Release|Any CPU.ActiveCfg = Release|Any CPU
		{962EAD5B-17F9-4E2A-90C8-4050ED3997B0}.Release|Any CPU.Build.0 = Release|Any CPU
		{48423344-8397-4651-AAB4-523A34951A54}.Debug|Any CPU.ActiveCfg = Debug|Any CPU
		{48423344-8397-4651-AAB4-523A34951A54}.Debug|Any CPU.Build.0 = Debug|Any CPU
		{48423344-8397-4651-AAB4-523A34951A54}.Release|Any CPU.ActiveCfg = Release|Any CPU
		{48423344-8397-4651-AAB4-523A34951A54}.Release|Any CPU.Build.0 = Release|Any CPU
		{E7D0CDB4-9633-4FCF-B8E1-9649A6D66E22}.Debug|Any CPU.ActiveCfg = Debug|Any CPU
		{E7D0CDB4-9633-4FCF-B8E1-9649A6D66E22}.Debug|Any CPU.Build.0 = Debug|Any CPU
		{E7D0CDB4-9633-4FCF-B8E1-9649A6D66E22}.Release|Any CPU.ActiveCfg = Release|Any CPU
		{E7D0CDB4-9633-4FCF-B8E1-9649A6D66E22}.Release|Any CPU.Build.0 = Release|Any CPU
		{C0471009-7397-4322-AA75-0E7573B38B03}.Debug|Any CPU.ActiveCfg = Debug|Any CPU
		{C0471009-7397-4322-AA75-0E7573B38B03}.Debug|Any CPU.Build.0 = Debug|Any CPU
		{C0471009-7397-4322-AA75-0E7573B38B03}.Release|Any CPU.ActiveCfg = Release|Any CPU
		{C0471009-7397-4322-AA75-0E7573B38B03}.Release|Any CPU.Build.0 = Release|Any CPU
		{4B7C1698-8839-4333-9898-EEDA01EA607C}.Debug|Any CPU.ActiveCfg = Debug|Any CPU
		{4B7C1698-8839-4333-9898-EEDA01EA607C}.Debug|Any CPU.Build.0 = Debug|Any CPU
		{4B7C1698-8839-4333-9898-EEDA01EA607C}.Release|Any CPU.ActiveCfg = Release|Any CPU
		{4B7C1698-8839-4333-9898-EEDA01EA607C}.Release|Any CPU.Build.0 = Release|Any CPU
		{0E30FDB1-BB36-4469-8D56-77015BAE476A}.Debug|Any CPU.ActiveCfg = Debug|Any CPU
		{0E30FDB1-BB36-4469-8D56-77015BAE476A}.Debug|Any CPU.Build.0 = Debug|Any CPU
		{0E30FDB1-BB36-4469-8D56-77015BAE476A}.Release|Any CPU.ActiveCfg = Release|Any CPU
		{0E30FDB1-BB36-4469-8D56-77015BAE476A}.Release|Any CPU.Build.0 = Release|Any CPU
		{44CA9806-5FD5-4A96-8ACC-56FA7563F2F3}.Debug|Any CPU.ActiveCfg = Debug|Any CPU
		{44CA9806-5FD5-4A96-8ACC-56FA7563F2F3}.Debug|Any CPU.Build.0 = Debug|Any CPU
		{44CA9806-5FD5-4A96-8ACC-56FA7563F2F3}.Release|Any CPU.ActiveCfg = Release|Any CPU
		{44CA9806-5FD5-4A96-8ACC-56FA7563F2F3}.Release|Any CPU.Build.0 = Release|Any CPU
		{75D94397-893B-43F7-AD5B-D03EEA84EDCE}.Debug|Any CPU.ActiveCfg = Debug|Any CPU
		{75D94397-893B-43F7-AD5B-D03EEA84EDCE}.Debug|Any CPU.Build.0 = Debug|Any CPU
		{75D94397-893B-43F7-AD5B-D03EEA84EDCE}.Release|Any CPU.ActiveCfg = Release|Any CPU
		{75D94397-893B-43F7-AD5B-D03EEA84EDCE}.Release|Any CPU.Build.0 = Release|Any CPU
		{35C88D84-812F-408A-AD69-D5EA0F9FFACF}.Debug|Any CPU.ActiveCfg = Debug|Any CPU
		{35C88D84-812F-408A-AD69-D5EA0F9FFACF}.Debug|Any CPU.Build.0 = Debug|Any CPU
		{35C88D84-812F-408A-AD69-D5EA0F9FFACF}.Release|Any CPU.ActiveCfg = Release|Any CPU
		{35C88D84-812F-408A-AD69-D5EA0F9FFACF}.Release|Any CPU.Build.0 = Release|Any CPU
		{1368F505-CF7F-456D-BAE9-C188CD1A787D}.Debug|Any CPU.ActiveCfg = Debug|Any CPU
		{1368F505-CF7F-456D-BAE9-C188CD1A787D}.Debug|Any CPU.Build.0 = Debug|Any CPU
		{1368F505-CF7F-456D-BAE9-C188CD1A787D}.Release|Any CPU.ActiveCfg = Release|Any CPU
		{1368F505-CF7F-456D-BAE9-C188CD1A787D}.Release|Any CPU.Build.0 = Release|Any CPU
	EndGlobalSection
	GlobalSection(SolutionProperties) = preSolution
		HideSolutionNode = FALSE
	EndGlobalSection
	GlobalSection(NestedProjects) = preSolution
		{4BC29619-C934-4FD5-8DC0-CE34609D9876} = {6172949D-3678-4151-867F-5EBD4F626C57}
		{962EAD5B-17F9-4E2A-90C8-4050ED3997B0} = {6172949D-3678-4151-867F-5EBD4F626C57}
		{48423344-8397-4651-AAB4-523A34951A54} = {4BC29619-C934-4FD5-8DC0-CE34609D9876}
		{E7D0CDB4-9633-4FCF-B8E1-9649A6D66E22} = {4BC29619-C934-4FD5-8DC0-CE34609D9876}
		{C0471009-7397-4322-AA75-0E7573B38B03} = {4BC29619-C934-4FD5-8DC0-CE34609D9876}
		{4B7C1698-8839-4333-9898-EEDA01EA607C} = {4BC29619-C934-4FD5-8DC0-CE34609D9876}
		{0E30FDB1-BB36-4469-8D56-77015BAE476A} = {4BC29619-C934-4FD5-8DC0-CE34609D9876}
		{44CA9806-5FD5-4A96-8ACC-56FA7563F2F3} = {4BC29619-C934-4FD5-8DC0-CE34609D9876}
		{75D94397-893B-43F7-AD5B-D03EEA84EDCE} = {6172949D-3678-4151-867F-5EBD4F626C57}
		{72EB11FD-62C3-4F80-BC55-D62FB3EA19B3} = {6172949D-3678-4151-867F-5EBD4F626C57}
		{35C88D84-812F-408A-AD69-D5EA0F9FFACF} = {72EB11FD-62C3-4F80-BC55-D62FB3EA19B3}
		{1368F505-CF7F-456D-BAE9-C188CD1A787D} = {6172949D-3678-4151-867F-5EBD4F626C57}
	EndGlobalSection
	GlobalSection(ExtensibilityGlobals) = postSolution
		SolutionGuid = {AE0F835F-B3AF-4DC4-8165-E615EC991707}
	EndGlobalSection
EndGlobal
